<?xml version="1.0" encoding="utf-8"?>
<Project ToolsVersion="4.0" xmlns="http://schemas.microsoft.com/developer/msbuild/2003">
  <ItemGroup>
    <Filter Include="src">
      <UniqueIdentifier>{1a73a4d0-a6dc-45e2-8417-4238703380eb}</UniqueIdentifier>
    </Filter>
    <Filter Include="src\config">
      <UniqueIdentifier>{4d4f428c-b6ad-4abd-b9bc-bfbea47470fa}</UniqueIdentifier>
    </Filter>
    <Filter Include="src\include">
      <UniqueIdentifier>{ac24cfaf-f08f-4b34-ab3d-74f832fc200e}</UniqueIdentifier>
    </Filter>
  </ItemGroup>
  <ItemGroup>
    <ClCompile Include="..\src\main.c">
      <Filter>src</Filter>
    </ClCompile>
    <ClCompile Include="..\config\Config.c">
      <Filter>src\config</Filter>
    </ClCompile>
  </ItemGroup>
  <ItemGroup>
    <ClInclude Include="..\include\wtapi.h">
      <Filter>src\include</Filter>
    </ClInclude>
    <ClInclude Include="..\config\Config.h">
      <Filter>src\config</Filter>
    </ClInclude>
    <ClInclude Include="..\include\BasicType.h">
      <Filter>src\include</Filter>
    </ClInclude>
    <ClInclude Include="..\include\Constants.h">
      <Filter>src\include</Filter>
    </ClInclude>
  </ItemGroup>
</Project>